
Microsoft Visual Studio Solution File, Format Version 12.00
# Visual Studio Version 17
VisualStudioVersion = 17.10.34916.146
MinimumVisualStudioVersion = 10.0.40219.1
Project("{FAE04EC0-301F-11D3-BF4B-00C04F79EFBC}") = "WebB", "WebB\WebB.csproj", "{33459AD5-A4EE-464F-89B9-84467B57F628}"
EndProject
Global
	GlobalSection(SolutionConfigurationPlatforms) = preSolution
		Debug|Any CPU = Debug|Any CPU
		Release|Any CPU = Release|Any CPU
	EndGlobalSection
	GlobalSection(ProjectConfigurationPlatforms) = postSolution
		{33459AD5-A4EE-464F-89B9-84467B57F628}.Debug|Any CPU.ActiveCfg = Debug|Any CPU
		{33459AD5-A4EE-464F-89B9-84467B57F628}.Debug|Any CPU.Build.0 = Debug|Any CPU
		{33459AD5-A4EE-464F-89B9-84467B57F628}.Release|Any CPU.ActiveCfg = Release|Any CPU
		{33459AD5-A4EE-464F-89B9-84467B57F628}.Release|Any CPU.Build.0 = Release|Any CPU
	EndGlobalSection
	GlobalSection(SolutionProperties) = preSolution
		HideSolutionNode = FALSE
	EndGlobalSection
	GlobalSection(ExtensibilityGlobals) = postSolution
		SolutionGuid = {E9256AD8-32C1-4AA2-A4EB-7FA52DDA1153}
	EndGlobalSection
EndGlobal
